{
	"name": "dto",
	"version": "1.0.0",
	"lockfileVersion": 2,
	"requires": true,
	"packages": {
		"": {
			"name": "dto",
			"version": "1.0.0",
			"license": "ISC",
			"devDependencies": {
				"@types/ejs": "^3.1.1"
			}
		},
		"node_modules/@types/ejs": {
			"version": "3.1.1",
			"resolved": "https://registry.npmjs.org/@types/ejs/-/ejs-3.1.1.tgz",
			"integrity": "sha512-RQul5wEfY7BjWm0sYY86cmUN/pcXWGyVxWX93DFFJvcrxax5zKlieLwA3T77xJGwNcZW0YW6CYG70p1m8xPFmA==",
			"dev": true
		}
	},
	"dependencies": {
		"@types/ejs": {
			"version": "3.1.1",
			"resolved": "https://registry.npmjs.org/@types/ejs/-/ejs-3.1.1.tgz",
			"integrity": "sha512-RQul5wEfY7BjWm0sYY86cmUN/pcXWGyVxWX93DFFJvcrxax5zKlieLwA3T77xJGwNcZW0YW6CYG70p1m8xPFmA==",
			"dev": true
		}
	}
}
